
Microsoft Visual Studio Solution File, Format Version 12.00
# Visual Studio Version 16
VisualStudioVersion = 16.0.29709.97
MinimumVisualStudioVersion = 10.0.40219.1
Project("{FAE04EC0-301F-11D3-BF4B-00C04F79EFBC}") = "ReadLine", "ReadLine\ReadLine.csproj", "{202F7FBB-2E44-492E-B5FF-6B9B2DED43F7}"
EndProject
Project("{FAE04EC0-301F-11D3-BF4B-00C04F79EFBC}") = "Conversion", "Conversion\Conversion.csproj", "{E77C2809-DFD7-4481-BA52-CE14ED87C76D}"
EndProject
Global
	GlobalSection(SolutionConfigurationPlatforms) = preSolution
		Debug|Any CPU = Debug|Any CPU
		Release|Any CPU = Release|Any CPU
	EndGlobalSection
	GlobalSection(ProjectConfigurationPlatforms) = postSolution
		{202F7FBB-2E44-492E-B5FF-6B9B2DED43F7}.Debug|Any CPU.ActiveCfg = Debug|Any CPU
		{202F7FBB-2E44-492E-B5FF-6B9B2DED43F7}.Debug|Any CPU.Build.0 = Debug|Any CPU
		{202F7FBB-2E44-492E-B5FF-6B9B2DED43F7}.Release|Any CPU.ActiveCfg = Release|Any CPU
		{202F7FBB-2E44-492E-B5FF-6B9B2DED43F7}.Release|Any CPU.Build.0 = Release|Any CPU
		{E77C2809-DFD7-4481-BA52-CE14ED87C76D}.Debug|Any CPU.ActiveCfg = Debug|Any CPU
		{E77C2809-DFD7-4481-BA52-CE14ED87C76D}.Debug|Any CPU.Build.0 = Debug|Any CPU
		{E77C2809-DFD7-4481-BA52-CE14ED87C76D}.Release|Any CPU.ActiveCfg = Release|Any CPU
		{E77C2809-DFD7-4481-BA52-CE14ED87C76D}.Release|Any CPU.Build.0 = Release|Any CPU
	EndGlobalSection
	GlobalSection(SolutionProperties) = preSolution
		HideSolutionNode = FALSE
	EndGlobalSection
	GlobalSection(ExtensibilityGlobals) = postSolution
		SolutionGuid = {76752173-23B1-421C-97CE-8B967E898985}
	EndGlobalSection
EndGlobal
